{
 "graph_lock": {
  "nodes": {
   "0": {
    "options": "brotli:shared=False\nbzip2:build_executable=True\nbzip2:shared=False\nflac:shared=False\nfreetype:shared=False\nfreetype:with_brotli=True\nfreetype:with_bzip2=True\nfreetype:with_png=True\nfreetype:with_zlib=True\ngtest:build_gmock=True\ngtest:debug_postfix=d\ngtest:hide_symbols=False\ngtest:no_main=False\ngtest:shared=False\nlibpng:api_prefix=\nlibpng:shared=False\nlibpng:sse=True\nogg:shared=False\nopenal:shared=False\nsfml:audio=True\nsfml:graphics=True\nsfml:network=True\nsfml:shared=False\nsfml:window=True\nstb:with_deprecated=True\nvorbis:shared=False\nzlib:minizip=deprecated\nzlib:shared=False",
    "requires": [
     "1",
     "13"
    ],
    "path": "..\\conanfile.txt",
    "context": "host"
   },
   "1": {
    "ref": "sfml/2.5.1#b64b87d9397ccd069e92ffc5c2b012e1",
    "options": "audio=True\ngraphics=True\nnetwork=True\nshared=False\nwindow=True\nbrotli:shared=False\nbzip2:build_executable=True\nbzip2:shared=False\nflac:shared=False\nfreetype:shared=False\nfreetype:with_brotli=True\nfreetype:with_bzip2=True\nfreetype:with_png=True\nfreetype:with_zlib=True\nlibpng:api_prefix=\nlibpng:shared=False\nlibpng:sse=True\nogg:shared=False\nopenal:shared=False\nstb:with_deprecated=True\nvorbis:shared=False\nzlib:minizip=deprecated\nzlib:shared=False",
    "package_id": "d02765dd8ac3899f2886509787e30924520dd723",
    "prev": "05ee1bf666e696042811a0be825013c0",
    "requires": [
     "2",
     "3",
     "8",
     "9",
     "11",
     "12"
    ],
    "context": "host"
   },
   "2": {
    "ref": "opengl/system#3582b5d3184289461f73339622c71d31",
    "options": "",
    "package_id": "5ab84d6acfe1f23c4fae0ab88f26e3a396351ac9",
    "prev": "e0c823b9bed28348dd7f3bcedf045c58",
    "context": "host"
   },
   "3": {
    "ref": "freetype/2.11.1#64903e31cfe293c54a4cd0b93f978529",
    "options": "shared=False\nwith_brotli=True\nwith_bzip2=True\nwith_png=True\nwith_zlib=True\nbrotli:shared=False\nbzip2:build_executable=True\nbzip2:shared=False\nlibpng:api_prefix=\nlibpng:shared=False\nlibpng:sse=True\nzlib:minizip=deprecated\nzlib:shared=False",
    "package_id": "c69bad48274e7fc45c887cddc32aa0459f0a81e0",
    "prev": "554f3f225fef78f22aeac85354385d00",
    "requires": [
     "4",
     "5",
     "6",
     "7"
    ],
    "context": "host"
   },
   "4": {
    "ref": "libpng/1.6.37#08b5607052686860a2e40d5db6166d9f",
    "options": "api_prefix=\nshared=False\nsse=True\nzlib:minizip=deprecated\nzlib:shared=False",
    "package_id": "8b1ef0ec9599374db4689199730c00a0d5f4de36",
    "prev": "866ed4139755bcf6fd9767d12ffc4bf1",
    "requires": [
     "5"
    ],
    "context": "host"
   },
   "5": {
    "ref": "zlib/1.2.11#b3eaf63da20a8606f3d84602c2cfa854",
    "options": "minizip=deprecated\nshared=False",
    "package_id": "d057732059ea44a47760900cb5e4855d2bea8714",
    "prev": "f5bddb08041eff58a9146980bc3facd3",
    "context": "host"
   },
   "6": {
    "ref": "bzip2/1.0.8#9c8b632000a52af5af3f045d3a6db12f",
    "options": "build_executable=True\nshared=False",
    "package_id": "589a23dff5fdb23a7fb851223eb766480ead0a9a",
    "prev": "0fb1a4e10ef374eafe629835e2d2a04b",
    "context": "host"
   },
   "7": {
    "ref": "brotli/1.0.9#802b2457f7a7a509ed80e7e45adf960e",
    "options": "shared=False",
    "package_id": "d057732059ea44a47760900cb5e4855d2bea8714",
    "prev": "2b31f6970fbf2f96270e7bb7a7dc76c4",
    "context": "host"
   },
   "8": {
    "ref": "stb/cci.20210713#b3854a7d188228a45413baa61c54d4a8",
    "options": "with_deprecated=True",
    "package_id": "5ab84d6acfe1f23c4fae0ab88f26e3a396351ac9",
    "prev": "1c3855b2bee5b1bc4cf3bfeba47856ab",
    "context": "host"
   },
   "9": {
    "ref": "flac/1.3.3#b6cc4e49797347efd569a9eca3c58d4e",
    "options": "shared=False\nogg:shared=False",
    "package_id": "b8a7c0e3d5f7f2dd0a4cf862cb60ff9f1b73be47",
    "prev": "66d707fc96ccb40ff9a8ee37e0c2e297",
    "requires": [
     "10"
    ],
    "context": "host"
   },
   "10": {
    "ref": "ogg/1.3.4#b69afb47bef45e7b2b6360aa669dff18",
    "options": "shared=False",
    "package_id": "d057732059ea44a47760900cb5e4855d2bea8714",
    "prev": "f6c7073c74b32607c896438ccaec3587",
    "context": "host"
   },
   "11": {
    "ref": "openal/1.21.1#329e0813f2c64ee8bdef17595ab4ae4a",
    "options": "shared=False",
    "package_id": "d057732059ea44a47760900cb5e4855d2bea8714",
    "prev": "7d590eff5b73f1f9f4cb3cfe3898d317",
    "context": "host"
   },
   "12": {
    "ref": "vorbis/1.3.7#04b23c3827f7a2779c417cb33f013264",
    "options": "shared=False\nogg:shared=False",
    "package_id": "b8a7c0e3d5f7f2dd0a4cf862cb60ff9f1b73be47",
    "prev": "7e227d15f2d385cf7d3cd235f65bd0e1",
    "requires": [
     "10"
    ],
    "context": "host"
   },
   "13": {
    "ref": "gtest/cci.20210126#544d5f889a7b0c7b733e3b85d114f4ef",
    "options": "build_gmock=True\ndebug_postfix=d\nhide_symbols=False\nno_main=False\nshared=False",
    "package_id": "875c67f4d8a79bdd002908b75efce119eb82836d",
    "prev": "26aee87c20a397b7af8b3d26110d7786",
    "context": "host"
   }
  },
  "revisions_enabled": true
 },
 "version": "0.4",
 "profile_host": "[settings]\narch=x86_64\narch_build=x86_64\nbuild_type=Debug\ncompiler=Visual Studio\ncompiler.runtime=MDd\ncompiler.version=16\nos=Windows\nos_build=Windows\n[options]\n[build_requires]\n[env]\n"
}